// !$*UTF8*$!
{
	archiveVersion = 1;
	classes = {
	};
	objectVersion = 46;
	objects = {

/* Begin PBXBuildFile section */
		2C24A1B00A12A2B8A2D763DD /* libPods.a in Frameworks */ = {isa = PBXBuildFile; fileRef = C093BA42935F5969377D5BEA /* libPods.a */; };
		471A4DC81C5B545600B78E6A /* RecommendAttentionViewController.xib in Resources */ = {isa = PBXBuildFile; fileRef = 471A4DC71C5B545600B78E6A /* RecommendAttentionViewController.xib */; };
		471A4DE51C5B5CAD00B78E6A /* RecommendType.m in Sources */ = {isa = PBXBuildFile; fileRef = 471A4DE41C5B5CAD00B78E6A /* RecommendType.m */; };
		471A4DF11C5B5E1A00B78E6A /* RecommendCategoryCell.m in Sources */ = {isa = PBXBuildFile; fileRef = 471A4DEF1C5B5E1A00B78E6A /* RecommendCategoryCell.m */; };
		471A4DF21C5B5E1A00B78E6A /* RecommendCategoryCell.xib in Resources */ = {isa = PBXBuildFile; fileRef = 471A4DF01C5B5E1A00B78E6A /* RecommendCategoryCell.xib */; };
		471A4DF91C5B6B3500B78E6A /* RecommendUserCell.m in Sources */ = {isa = PBXBuildFile; fileRef = 471A4DF71C5B6B3500B78E6A /* RecommendUserCell.m */; };
		471A4DFA1C5B6B3500B78E6A /* RecommendUserCell.xib in Resources */ = {isa = PBXBuildFile; fileRef = 471A4DF81C5B6B3500B78E6A /* RecommendUserCell.xib */; };
		471A4DFD1C5B6CF500B78E6A /* RecommendUser.m in Sources */ = {isa = PBXBuildFile; fileRef = 471A4DFC1C5B6CF500B78E6A /* RecommendUser.m */; };
		471A4E001C5BB17C00B78E6A /* NSArray+NSArrayTools.m in Sources */ = {isa = PBXBuildFile; fileRef = 471A4DFF1C5BB17C00B78E6A /* NSArray+NSArrayTools.m */; };
		47D997F81C5B3A26001D73DF /* UIBarButtonItem+BarButtonTools.m in Sources */ = {isa = PBXBuildFile; fileRef = 47D997EF1C5B3A26001D73DF /* UIBarButtonItem+BarButtonTools.m */; };
		47D997F91C5B3A26001D73DF /* UIView+ViewTools.m in Sources */ = {isa = PBXBuildFile; fileRef = 47D997F11C5B3A26001D73DF /* UIView+ViewTools.m */; };
		47D997FA1C5B3A26001D73DF /* RootTabBarController.m in Sources */ = {isa = PBXBuildFile; fileRef = 47D997F41C5B3A26001D73DF /* RootTabBarController.m */; };
		47D997FB1C5B3A26001D73DF /* CustomTabBar.m in Sources */ = {isa = PBXBuildFile; fileRef = 47D997F71C5B3A26001D73DF /* CustomTabBar.m */; };
		47D997FF1C5B3A51001D73DF /* CustomNavigationController.m in Sources */ = {isa = PBXBuildFile; fileRef = 47D997FE1C5B3A51001D73DF /* CustomNavigationController.m */; };
		47D998011C5B47DE001D73DF /* FriendTrendsViewController.xib in Resources */ = {isa = PBXBuildFile; fileRef = 47D998001C5B47DE001D73DF /* FriendTrendsViewController.xib */; };
		47D998041C5B4D9D001D73DF /* RecommendAttentionViewController.m in Sources */ = {isa = PBXBuildFile; fileRef = 47D998031C5B4D9D001D73DF /* RecommendAttentionViewController.m */; };
		47FB730A1C5797F900984F1D /* main.m in Sources */ = {isa = PBXBuildFile; fileRef = 47FB73091C5797F900984F1D /* main.m */; };
		47FB730D1C5797F900984F1D /* AppDelegate.m in Sources */ = {isa = PBXBuildFile; fileRef = 47FB730C1C5797F900984F1D /* AppDelegate.m */; };
		47FB73151C5797F900984F1D /* Assets.xcassets in Resources */ = {isa = PBXBuildFile; fileRef = 47FB73141C5797F900984F1D /* Assets.xcassets */; };
		47FB73181C5797F900984F1D /* LaunchScreen.storyboard in Resources */ = {isa = PBXBuildFile; fileRef = 47FB73161C5797F900984F1D /* LaunchScreen.storyboard */; };
		47FB73411C57C74B00984F1D /* EssenceViewController.m in Sources */ = {isa = PBXBuildFile; fileRef = 47FB733F1C57C74B00984F1D /* EssenceViewController.m */; };
		47FB73561C57C7B700984F1D /* FriendTrendsViewController.m in Sources */ = {isa = PBXBuildFile; fileRef = 47FB73541C57C7B700984F1D /* FriendTrendsViewController.m */; };
		47FB735D1C57C7DE00984F1D /* MineViewController.m in Sources */ = {isa = PBXBuildFile; fileRef = 47FB735B1C57C7DE00984F1D /* MineViewController.m */; };
		47FB73641C57C83300984F1D /* NewViewController.m in Sources */ = {isa = PBXBuildFile; fileRef = 47FB73631C57C83300984F1D /* NewViewController.m */; };
/* End PBXBuildFile section */

/* Begin PBXFileReference section */
		471A4DC71C5B545600B78E6A /* RecommendAttentionViewController.xib */ = {isa = PBXFileReference; fileEncoding = 4; lastKnownFileType = file.xib; path = RecommendAttentionViewController.xib; sourceTree = "<group>"; };
		471A4DE31C5B5CAD00B78E6A /* RecommendType.h */ = {isa = PBXFileReference; fileEncoding = 4; lastKnownFileType = sourcecode.c.h; name = RecommendType.h; path = ../ViewControllers/RecommendType.h; sourceTree = "<group>"; };
		471A4DE41C5B5CAD00B78E6A /* RecommendType.m */ = {isa = PBXFileReference; fileEncoding = 4; lastKnownFileType = sourcecode.c.objc; name = RecommendType.m; path = ../ViewControllers/RecommendType.m; sourceTree = "<group>"; };
		471A4DEE1C5B5E1A00B78E6A /* RecommendCategoryCell.h */ = {isa = PBXFileReference; fileEncoding = 4; lastKnownFileType = sourcecode.c.h; path = RecommendCategoryCell.h; sourceTree = "<group>"; };
		471A4DEF1C5B5E1A00B78E6A /* RecommendCategoryCell.m */ = {isa = PBXFileReference; fileEncoding = 4; lastKnownFileType = sourcecode.c.objc; path = RecommendCategoryCell.m; sourceTree = "<group>"; };
		471A4DF01C5B5E1A00B78E6A /* RecommendCategoryCell.xib */ = {isa = PBXFileReference; fileEncoding = 4; lastKnownFileType = file.xib; path = RecommendCategoryCell.xib; sourceTree = "<group>"; };
		471A4DF61C5B6B3500B78E6A /* RecommendUserCell.h */ = {isa = PBXFileReference; fileEncoding = 4; lastKnownFileType = sourcecode.c.h; path = RecommendUserCell.h; sourceTree = "<group>"; };
		471A4DF71C5B6B3500B78E6A /* RecommendUserCell.m */ = {isa = PBXFileReference; fileEncoding = 4; lastKnownFileType = sourcecode.c.objc; path = RecommendUserCell.m; sourceTree = "<group>"; };
		471A4DF81C5B6B3500B78E6A /* RecommendUserCell.xib */ = {isa = PBXFileReference; fileEncoding = 4; lastKnownFileType = file.xib; path = RecommendUserCell.xib; sourceTree = "<group>"; };
		471A4DFB1C5B6CF500B78E6A /* RecommendUser.h */ = {isa = PBXFileReference; fileEncoding = 4; lastKnownFileType = sourcecode.c.h; path = RecommendUser.h; sourceTree = "<group>"; };
		471A4DFC1C5B6CF500B78E6A /* RecommendUser.m */ = {isa = PBXFileReference; fileEncoding = 4; lastKnownFileType = sourcecode.c.objc; path = RecommendUser.m; sourceTree = "<group>"; };
		471A4DFE1C5BB17C00B78E6A /* NSArray+NSArrayTools.h */ = {isa = PBXFileReference; fileEncoding = 4; lastKnownFileType = sourcecode.c.h; path = "NSArray+NSArrayTools.h"; sourceTree = "<group>"; };
		471A4DFF1C5BB17C00B78E6A /* NSArray+NSArrayTools.m */ = {isa = PBXFileReference; fileEncoding = 4; lastKnownFileType = sourcecode.c.objc; path = "NSArray+NSArrayTools.m"; sourceTree = "<group>"; };
		47D997EE1C5B3A26001D73DF /* UIBarButtonItem+BarButtonTools.h */ = {isa = PBXFileReference; fileEncoding = 4; lastKnownFileType = sourcecode.c.h; path = "UIBarButtonItem+BarButtonTools.h"; sourceTree = "<group>"; };
		47D997EF1C5B3A26001D73DF /* UIBarButtonItem+BarButtonTools.m */ = {isa = PBXFileReference; fileEncoding = 4; lastKnownFileType = sourcecode.c.objc; path = "UIBarButtonItem+BarButtonTools.m"; sourceTree = "<group>"; };
		47D997F01C5B3A26001D73DF /* UIView+ViewTools.h */ = {isa = PBXFileReference; fileEncoding = 4; lastKnownFileType = sourcecode.c.h; path = "UIView+ViewTools.h"; sourceTree = "<group>"; };
		47D997F11C5B3A26001D73DF /* UIView+ViewTools.m */ = {isa = PBXFileReference; fileEncoding = 4; lastKnownFileType = sourcecode.c.objc; path = "UIView+ViewTools.m"; sourceTree = "<group>"; };
		47D997F31C5B3A26001D73DF /* RootTabBarController.h */ = {isa = PBXFileReference; fileEncoding = 4; lastKnownFileType = sourcecode.c.h; path = RootTabBarController.h; sourceTree = "<group>"; };
		47D997F41C5B3A26001D73DF /* RootTabBarController.m */ = {isa = PBXFileReference; fileEncoding = 4; lastKnownFileType = sourcecode.c.objc; path = RootTabBarController.m; sourceTree = "<group>"; };
		47D997F61C5B3A26001D73DF /* CustomTabBar.h */ = {isa = PBXFileReference; fileEncoding = 4; lastKnownFileType = sourcecode.c.h; path = CustomTabBar.h; sourceTree = "<group>"; };
		47D997F71C5B3A26001D73DF /* CustomTabBar.m */ = {isa = PBXFileReference; fileEncoding = 4; lastKnownFileType = sourcecode.c.objc; path = CustomTabBar.m; sourceTree = "<group>"; };
		47D997FD1C5B3A51001D73DF /* CustomNavigationController.h */ = {isa = PBXFileReference; fileEncoding = 4; lastKnownFileType = sourcecode.c.h; path = CustomNavigationController.h; sourceTree = "<group>"; };
		47D997FE1C5B3A51001D73DF /* CustomNavigationController.m */ = {isa = PBXFileReference; fileEncoding = 4; lastKnownFileType = sourcecode.c.objc; path = CustomNavigationController.m; sourceTree = "<group>"; };
		47D998001C5B47DE001D73DF /* FriendTrendsViewController.xib */ = {isa = PBXFileReference; fileEncoding = 4; lastKnownFileType = file.xib; path = FriendTrendsViewController.xib; sourceTree = "<group>"; };
		47D998021C5B4D9D001D73DF /* RecommendAttentionViewController.h */ = {isa = PBXFileReference; fileEncoding = 4; lastKnownFileType = sourcecode.c.h; path = RecommendAttentionViewController.h; sourceTree = "<group>"; };
		47D998031C5B4D9D001D73DF /* RecommendAttentionViewController.m */ = {isa = PBXFileReference; fileEncoding = 4; lastKnownFileType = sourcecode.c.objc; path = RecommendAttentionViewController.m; sourceTree = "<group>"; };
		47FB73051C5797F900984F1D /* CanNotGetSister.app */ = {isa = PBXFileReference; explicitFileType = wrapper.application; includeInIndex = 0; path = CanNotGetSister.app; sourceTree = BUILT_PRODUCTS_DIR; };
		47FB73091C5797F900984F1D /* main.m */ = {isa = PBXFileReference; lastKnownFileType = sourcecode.c.objc; path = main.m; sourceTree = "<group>"; };
		47FB730B1C5797F900984F1D /* AppDelegate.h */ = {isa = PBXFileReference; lastKnownFileType = sourcecode.c.h; path = AppDelegate.h; sourceTree = "<group>"; };
		47FB730C1C5797F900984F1D /* AppDelegate.m */ = {isa = PBXFileReference; lastKnownFileType = sourcecode.c.objc; path = AppDelegate.m; sourceTree = "<group>"; };
		47FB73141C5797F900984F1D /* Assets.xcassets */ = {isa = PBXFileReference; lastKnownFileType = folder.assetcatalog; path = Assets.xcassets; sourceTree = "<group>"; };
		47FB73171C5797F900984F1D /* Base */ = {isa = PBXFileReference; lastKnownFileType = file.storyboard; name = Base; path = Base.lproj/LaunchScreen.storyboard; sourceTree = "<group>"; };
		47FB73191C5797F900984F1D /* Info.plist */ = {isa = PBXFileReference; lastKnownFileType = text.plist.xml; path = Info.plist; sourceTree = "<group>"; };
		47FB73371C57B40B00984F1D /* PrefixHeader.pch */ = {isa = PBXFileReference; lastKnownFileType = sourcecode.c.h; path = PrefixHeader.pch; sourceTree = "<group>"; };
		47FB733E1C57C74B00984F1D /* EssenceViewController.h */ = {isa = PBXFileReference; fileEncoding = 4; lastKnownFileType = sourcecode.c.h; path = EssenceViewController.h; sourceTree = "<group>"; };
		47FB733F1C57C74B00984F1D /* EssenceViewController.m */ = {isa = PBXFileReference; fileEncoding = 4; lastKnownFileType = sourcecode.c.objc; path = EssenceViewController.m; sourceTree = "<group>"; };
		47FB73531C57C7B700984F1D /* FriendTrendsViewController.h */ = {isa = PBXFileReference; fileEncoding = 4; lastKnownFileType = sourcecode.c.h; path = FriendTrendsViewController.h; sourceTree = "<group>"; };
		47FB73541C57C7B700984F1D /* FriendTrendsViewController.m */ = {isa = PBXFileReference; fileEncoding = 4; lastKnownFileType = sourcecode.c.objc; path = FriendTrendsViewController.m; sourceTree = "<group>"; };
		47FB735A1C57C7DE00984F1D /* MineViewController.h */ = {isa = PBXFileReference; fileEncoding = 4; lastKnownFileType = sourcecode.c.h; path = MineViewController.h; sourceTree = "<group>"; };
		47FB735B1C57C7DE00984F1D /* MineViewController.m */ = {isa = PBXFileReference; fileEncoding = 4; lastKnownFileType = sourcecode.c.objc; path = MineViewController.m; sourceTree = "<group>"; };
		47FB73621C57C83300984F1D /* NewViewController.h */ = {isa = PBXFileReference; fileEncoding = 4; lastKnownFileType = sourcecode.c.h; path = NewViewController.h; sourceTree = "<group>"; };
		47FB73631C57C83300984F1D /* NewViewController.m */ = {isa = PBXFileReference; fileEncoding = 4; lastKnownFileType = sourcecode.c.objc; path = NewViewController.m; sourceTree = "<group>"; };
		8BD4E77F57AE828E39343A55 /* Pods.release.xcconfig */ = {isa = PBXFileReference; includeInIndex = 1; lastKnownFileType = text.xcconfig; name = Pods.release.xcconfig; path = "Pods/Target Support Files/Pods/Pods.release.xcconfig"; sourceTree = "<group>"; };
		C093BA42935F5969377D5BEA /* libPods.a */ = {isa = PBXFileReference; explicitFileType = archive.ar; includeInIndex = 0; path = libPods.a; sourceTree = BUILT_PRODUCTS_DIR; };
		CEA1CD66FD96B67687A46C07 /* Pods.debug.xcconfig */ = {isa = PBXFileReference; includeInIndex = 1; lastKnownFileType = text.xcconfig; name = Pods.debug.xcconfig; path = "Pods/Target Support Files/Pods/Pods.debug.xcconfig"; sourceTree = "<group>"; };
/* End PBXFileReference section */

/* Begin PBXFrameworksBuildPhase section */
		47FB73021C5797F900984F1D /* Frameworks */ = {
			isa = PBXFrameworksBuildPhase;
			buildActionMask = 2147483647;
			files = (
				2C24A1B00A12A2B8A2D763DD /* libPods.a in Frameworks */,
			);
			runOnlyForDeploymentPostprocessing = 0;
		};
/* End PBXFrameworksBuildPhase section */

/* Begin PBXGroup section */
		47D997EC1C5B3A26001D73DF /* Other */ = {
			isa = PBXGroup;
			children = (
				47D997FC1C5B3A3F001D73DF /* Nav */,
				47D997ED1C5B3A26001D73DF /* Category */,
				47D997F21C5B3A26001D73DF /* Root */,
				47D997F51C5B3A26001D73DF /* TabBar */,
			);
			path = Other;
			sourceTree = "<group>";
		};
		47D997ED1C5B3A26001D73DF /* Category */ = {
			isa = PBXGroup;
			children = (
				47D997EE1C5B3A26001D73DF /* UIBarButtonItem+BarButtonTools.h */,
				47D997EF1C5B3A26001D73DF /* UIBarButtonItem+BarButtonTools.m */,
				47D997F01C5B3A26001D73DF /* UIView+ViewTools.h */,
				47D997F11C5B3A26001D73DF /* UIView+ViewTools.m */,
				471A4DFE1C5BB17C00B78E6A /* NSArray+NSArrayTools.h */,
				471A4DFF1C5BB17C00B78E6A /* NSArray+NSArrayTools.m */,
			);
			path = Category;
			sourceTree = "<group>";
		};
		47D997F21C5B3A26001D73DF /* Root */ = {
			isa = PBXGroup;
			children = (
				47D997F31C5B3A26001D73DF /* RootTabBarController.h */,
				47D997F41C5B3A26001D73DF /* RootTabBarController.m */,
			);
			path = Root;
			sourceTree = "<group>";
		};
		47D997F51C5B3A26001D73DF /* TabBar */ = {
			isa = PBXGroup;
			children = (
				47D997F61C5B3A26001D73DF /* CustomTabBar.h */,
				47D997F71C5B3A26001D73DF /* CustomTabBar.m */,
			);
			path = TabBar;
			sourceTree = "<group>";
		};
		47D997FC1C5B3A3F001D73DF /* Nav */ = {
			isa = PBXGroup;
			children = (
				47D997FD1C5B3A51001D73DF /* CustomNavigationController.h */,
				47D997FE1C5B3A51001D73DF /* CustomNavigationController.m */,
			);
			path = Nav;
			sourceTree = "<group>";
		};
		47FB72FC1C5797F900984F1D = {
			isa = PBXGroup;
			children = (
				47FB73071C5797F900984F1D /* CanNotGetSister */,
				47FB73061C5797F900984F1D /* Products */,
				5248A8B943CB46D8D7D07B51 /* Pods */,
				8E728B16B834BCDFF8053F7D /* Frameworks */,
			);
			sourceTree = "<group>";
		};
		47FB73061C5797F900984F1D /* Products */ = {
			isa = PBXGroup;
			children = (
				47FB73051C5797F900984F1D /* CanNotGetSister.app */,
			);
			name = Products;
			sourceTree = "<group>";
		};
		47FB73071C5797F900984F1D /* CanNotGetSister */ = {
			isa = PBXGroup;
			children = (
				47FB730B1C5797F900984F1D /* AppDelegate.h */,
				47FB730C1C5797F900984F1D /* AppDelegate.m */,
				47D997EC1C5B3A26001D73DF /* Other */,
				47FB733B1C57C74B00984F1D /* 精华 */,
				47FB735E1C57C81800984F1D /* 新帖 */,
				47FB73501C57C7B700984F1D /* 关注 */,
				47FB73571C57C7DE00984F1D /* 我 */,
				47FB73141C5797F900984F1D /* Assets.xcassets */,
				47FB73161C5797F900984F1D /* LaunchScreen.storyboard */,
				47FB73191C5797F900984F1D /* Info.plist */,
				47FB73081C5797F900984F1D /* Supporting Files */,
			);
			path = CanNotGetSister;
			sourceTree = "<group>";
		};
		47FB73081C5797F900984F1D /* Supporting Files */ = {
			isa = PBXGroup;
			children = (
				47FB73091C5797F900984F1D /* main.m */,
				47FB73371C57B40B00984F1D /* PrefixHeader.pch */,
			);
			name = "Supporting Files";
			sourceTree = "<group>";
		};
		47FB733B1C57C74B00984F1D /* 精华 */ = {
			isa = PBXGroup;
			children = (
				47FB733C1C57C74B00984F1D /* Modes */,
				47FB733D1C57C74B00984F1D /* ViewControllers */,
				47FB73401C57C74B00984F1D /* Views */,
			);
			path = "精华";
			sourceTree = "<group>";
		};
		47FB733C1C57C74B00984F1D /* Modes */ = {
			isa = PBXGroup;
			children = (
			);
			path = Modes;
			sourceTree = "<group>";
		};
		47FB733D1C57C74B00984F1D /* ViewControllers */ = {
			isa = PBXGroup;
			children = (
				47FB733E1C57C74B00984F1D /* EssenceViewController.h */,
				47FB733F1C57C74B00984F1D /* EssenceViewController.m */,
			);
			path = ViewControllers;
			sourceTree = "<group>";
		};
		47FB73401C57C74B00984F1D /* Views */ = {
			isa = PBXGroup;
			children = (
			);
			path = Views;
			sourceTree = "<group>";
		};
		47FB73501C57C7B700984F1D /* 关注 */ = {
			isa = PBXGroup;
			children = (
				47FB73511C57C7B700984F1D /* Models */,
				47FB73521C57C7B700984F1D /* ViewControllers */,
				47FB73551C57C7B700984F1D /* Views */,
			);
			path = "关注";
			sourceTree = "<group>";
		};
		47FB73511C57C7B700984F1D /* Models */ = {
			isa = PBXGroup;
			children = (
				471A4DE31C5B5CAD00B78E6A /* RecommendType.h */,
				471A4DE41C5B5CAD00B78E6A /* RecommendType.m */,
				471A4DFB1C5B6CF500B78E6A /* RecommendUser.h */,
				471A4DFC1C5B6CF500B78E6A /* RecommendUser.m */,
			);
			path = Models;
			sourceTree = "<group>";
		};
		47FB73521C57C7B700984F1D /* ViewControllers */ = {
			isa = PBXGroup;
			children = (
				47FB73531C57C7B700984F1D /* FriendTrendsViewController.h */,
				47FB73541C57C7B700984F1D /* FriendTrendsViewController.m */,
				47D998001C5B47DE001D73DF /* FriendTrendsViewController.xib */,
				47D998021C5B4D9D001D73DF /* RecommendAttentionViewController.h */,
				47D998031C5B4D9D001D73DF /* RecommendAttentionViewController.m */,
				471A4DC71C5B545600B78E6A /* RecommendAttentionViewController.xib */,
			);
			path = ViewControllers;
			sourceTree = "<group>";
		};
		47FB73551C57C7B700984F1D /* Views */ = {
			isa = PBXGroup;
			children = (
				471A4DEE1C5B5E1A00B78E6A /* RecommendCategoryCell.h */,
				471A4DEF1C5B5E1A00B78E6A /* RecommendCategoryCell.m */,
				471A4DF01C5B5E1A00B78E6A /* RecommendCategoryCell.xib */,
				471A4DF61C5B6B3500B78E6A /* RecommendUserCell.h */,
				471A4DF71C5B6B3500B78E6A /* RecommendUserCell.m */,
				471A4DF81C5B6B3500B78E6A /* RecommendUserCell.xib */,
			);
			path = Views;
			sourceTree = "<group>";
		};
		47FB73571C57C7DE00984F1D /* 我 */ = {
			isa = PBXGroup;
			children = (
				47FB73581C57C7DE00984F1D /* Models */,
				47FB73591C57C7DE00984F1D /* ViewControllers */,
				47FB735C1C57C7DE00984F1D /* Views */,
			);
			path = "我";
			sourceTree = "<group>";
		};
		47FB73581C57C7DE00984F1D /* Models */ = {
			isa = PBXGroup;
			children = (
			);
			path = Models;
			sourceTree = "<group>";
		};
		47FB73591C57C7DE00984F1D /* ViewControllers */ = {
			isa = PBXGroup;
			children = (
				47FB735A1C57C7DE00984F1D /* MineViewController.h */,
				47FB735B1C57C7DE00984F1D /* MineViewController.m */,
			);
			path = ViewControllers;
			sourceTree = "<group>";
		};
		47FB735C1C57C7DE00984F1D /* Views */ = {
			isa = PBXGroup;
			children = (
			);
			path = Views;
			sourceTree = "<group>";
		};
		47FB735E1C57C81800984F1D /* 新帖 */ = {
			isa = PBXGroup;
			children = (
				47FB735F1C57C81800984F1D /* Modes */,
				47FB73601C57C81800984F1D /* ViewControllers */,
				47FB73611C57C81800984F1D /* Views */,
			);
			path = "新帖";
			sourceTree = "<group>";
		};
		47FB735F1C57C81800984F1D /* Modes */ = {
			isa = PBXGroup;
			children = (
			);
			path = Modes;
			sourceTree = "<group>";
		};
		47FB73601C57C81800984F1D /* ViewControllers */ = {
			isa = PBXGroup;
			children = (
				47FB73621C57C83300984F1D /* NewViewController.h */,
				47FB73631C57C83300984F1D /* NewViewController.m */,
			);
			path = ViewControllers;
			sourceTree = "<group>";
		};
		47FB73611C57C81800984F1D /* Views */ = {
			isa = PBXGroup;
			children = (
			);
			path = Views;
			sourceTree = "<group>";
		};
		5248A8B943CB46D8D7D07B51 /* Pods */ = {
			isa = PBXGroup;
			children = (
				CEA1CD66FD96B67687A46C07 /* Pods.debug.xcconfig */,
				8BD4E77F57AE828E39343A55 /* Pods.release.xcconfig */,
			);
			name = Pods;
			sourceTree = "<group>";
		};
		8E728B16B834BCDFF8053F7D /* Frameworks */ = {
			isa = PBXGroup;
			children = (
				C093BA42935F5969377D5BEA /* libPods.a */,
			);
			name = Frameworks;
			sourceTree = "<group>";
		};
/* End PBXGroup section */

/* Begin PBXNativeTarget section */
		47FB73041C5797F900984F1D /* CanNotGetSister */ = {
			isa = PBXNativeTarget;
			buildConfigurationList = 47FB731C1C5797F900984F1D /* Build configuration list for PBXNativeTarget "CanNotGetSister" */;
			buildPhases = (
				ABDCCC79D5FC363A44DADB5B /* Check Pods Manifest.lock */,
				47FB73011C5797F900984F1D /* Sources */,
				47FB73021C5797F900984F1D /* Frameworks */,
				47FB73031C5797F900984F1D /* Resources */,
				C69669A46D966503C340BA43 /* Embed Pods Frameworks */,
				5F94D29CF2DA6D1D25C0032D /* Copy Pods Resources */,
			);
			buildRules = (
			);
			dependencies = (
			);
			name = CanNotGetSister;
			productName = CanNotGetSister;
			productReference = 47FB73051C5797F900984F1D /* CanNotGetSister.app */;
			productType = "com.apple.product-type.application";
		};
/* End PBXNativeTarget section */

/* Begin PBXProject section */
		47FB72FD1C5797F900984F1D /* Project object */ = {
			isa = PBXProject;
			attributes = {
				LastUpgradeCheck = 0720;
				ORGANIZATIONNAME = "X-Liang";
				TargetAttributes = {
					47FB73041C5797F900984F1D = {
						CreatedOnToolsVersion = 7.2;
					};
				};
			};
			buildConfigurationList = 47FB73001C5797F900984F1D /* Build configuration list for PBXProject "CanNotGetSister" */;
			compatibilityVersion = "Xcode 3.2";
			developmentRegion = English;
			hasScannedForEncodings = 0;
			knownRegions = (
				en,
				Base,
			);
			mainGroup = 47FB72FC1C5797F900984F1D;
			productRefGroup = 47FB73061C5797F900984F1D /* Products */;
			projectDirPath = "";
			projectRoot = "";
			targets = (
				47FB73041C5797F900984F1D /* CanNotGetSister */,
			);
		};
/* End PBXProject section */

/* Begin PBXResourcesBuildPhase section */
		47FB73031C5797F900984F1D /* Resources */ = {
			isa = PBXResourcesBuildPhase;
			buildActionMask = 2147483647;
			files = (
				47FB73181C5797F900984F1D /* LaunchScreen.storyboard in Resources */,
				471A4DFA1C5B6B3500B78E6A /* RecommendUserCell.xib in Resources */,
				47FB73151C5797F900984F1D /* Assets.xcassets in Resources */,
				471A4DF21C5B5E1A00B78E6A /* RecommendCategoryCell.xib in Resources */,
				47D998011C5B47DE001D73DF /* FriendTrendsViewController.xib in Resources */,
				471A4DC81C5B545600B78E6A /* RecommendAttentionViewController.xib in Resources */,
			);
			runOnlyForDeploymentPostprocessing = 0;
		};
/* End PBXResourcesBuildPhase section */

/* Begin PBXShellScriptBuildPhase section */
		5F94D29CF2DA6D1D25C0032D /* Copy Pods Resources */ = {
			isa = PBXShellScriptBuildPhase;
			buildActionMask = 2147483647;
			files = (
			);
			inputPaths = (
			);
			name = "Copy Pods Resources";
			outputPaths = (
			);
			runOnlyForDeploymentPostprocessing = 0;
			shellPath = /bin/sh;
			shellScript = "\"${SRCROOT}/Pods/Target Support Files/Pods/Pods-resources.sh\"\n";
			showEnvVarsInLog = 0;
		};
		ABDCCC79D5FC363A44DADB5B /* Check Pods Manifest.lock */ = {
			isa = PBXShellScriptBuildPhase;
			buildActionMask = 2147483647;
			files = (
			);
			inputPaths = (
			);
			name = "Check Pods Manifest.lock";
			outputPaths = (
			);
			runOnlyForDeploymentPostprocessing = 0;
			shellPath = /bin/sh;
			shellScript = "diff \"${PODS_ROOT}/../Podfile.lock\" \"${PODS_ROOT}/Manifest.lock\" > /dev/null\nif [[ $? != 0 ]] ; then\n    cat << EOM\nerror: The sandbox is not in sync with the Podfile.lock. Run 'pod install' or update your CocoaPods installation.\nEOM\n    exit 1\nfi\n";
			showEnvVarsInLog = 0;
		};
		C69669A46D966503C340BA43 /* Embed Pods Frameworks */ = {
			isa = PBXShellScriptBuildPhase;
			buildActionMask = 2147483647;
			files = (
			);
			inputPaths = (
			);
			name = "Embed Pods Frameworks";
			outputPaths = (
			);
			runOnlyForDeploymentPostprocessing = 0;
			shellPath = /bin/sh;
			shellScript = "\"${SRCROOT}/Pods/Target Support Files/Pods/Pods-frameworks.sh\"\n";
			showEnvVarsInLog = 0;
		};
/* End PBXShellScriptBuildPhase section */

/* Begin PBXSourcesBuildPhase section */
		47FB73011C5797F900984F1D /* Sources */ = {
			isa = PBXSourcesBuildPhase;
			buildActionMask = 2147483647;
			files = (
				471A4DF91C5B6B3500B78E6A /* RecommendUserCell.m in Sources */,
				47D997F81C5B3A26001D73DF /* UIBarButtonItem+BarButtonTools.m in Sources */,
				471A4DE51C5B5CAD00B78E6A /* RecommendType.m in Sources */,
				471A4DFD1C5B6CF500B78E6A /* RecommendUser.m in Sources */,
				47FB73411C57C74B00984F1D /* EssenceViewController.m in Sources */,
				47FB735D1C57C7DE00984F1D /* MineViewController.m in Sources */,
				47D997FA1C5B3A26001D73DF /* RootTabBarController.m in Sources */,
				47FB73561C57C7B700984F1D /* FriendTrendsViewController.m in Sources */,
				47D997FF1C5B3A51001D73DF /* CustomNavigationController.m in Sources */,
				471A4E001C5BB17C00B78E6A /* NSArray+NSArrayTools.m in Sources */,
				47FB730D1C5797F900984F1D /* AppDelegate.m in Sources */,
				47FB73641C57C83300984F1D /* NewViewController.m in Sources */,
				47D998041C5B4D9D001D73DF /* RecommendAttentionViewController.m in Sources */,
				471A4DF11C5B5E1A00B78E6A /* RecommendCategoryCell.m in Sources */,
				47D997F91C5B3A26001D73DF /* UIView+ViewTools.m in Sources */,
				47D997FB1C5B3A26001D73DF /* CustomTabBar.m in Sources */,
				47FB730A1C5797F900984F1D /* main.m in Sources */,
			);
			runOnlyForDeploymentPostprocessing = 0;
		};
/* End PBXSourcesBuildPhase section */

/* Begin PBXVariantGroup section */
		47FB73161C5797F900984F1D /* LaunchScreen.storyboard */ = {
			isa = PBXVariantGroup;
			children = (
				47FB73171C5797F900984F1D /* Base */,
			);
			name = LaunchScreen.storyboard;
			sourceTree = "<group>";
		};
/* End PBXVariantGroup section */

/* Begin XCBuildConfiguration section */
		47FB731A1C5797F900984F1D /* Debug */ = {
			isa = XCBuildConfiguration;
			buildSettings = {
				ALWAYS_SEARCH_USER_PATHS = NO;
				CLANG_CXX_LANGUAGE_STANDARD = "gnu++0x";
				CLANG_CXX_LIBRARY = "libc++";
				CLANG_ENABLE_MODULES = YES;
				CLANG_ENABLE_OBJC_ARC = YES;
				CLANG_WARN_BOOL_CONVERSION = YES;
				CLANG_WARN_CONSTANT_CONVERSION = YES;
				CLANG_WARN_DIRECT_OBJC_ISA_USAGE = YES_ERROR;
				CLANG_WARN_EMPTY_BODY = YES;
				CLANG_WARN_ENUM_CONVERSION = YES;
				CLANG_WARN_INT_CONVERSION = YES;
				CLANG_WARN_OBJC_ROOT_CLASS = YES_ERROR;
				CLANG_WARN_UNREACHABLE_CODE = YES;
				CLANG_WARN__DUPLICATE_METHOD_MATCH = YES;
				"CODE_SIGN_IDENTITY[sdk=iphoneos*]" = "iPhone Developer";
				COPY_PHASE_STRIP = NO;
				DEBUG_INFORMATION_FORMAT = dwarf;
				ENABLE_STRICT_OBJC_MSGSEND = YES;
				ENABLE_TESTABILITY = YES;
				GCC_C_LANGUAGE_STANDARD = gnu99;
				GCC_DYNAMIC_NO_PIC = NO;
				GCC_NO_COMMON_BLOCKS = YES;
				GCC_OPTIMIZATION_LEVEL = 0;
				GCC_PREPROCESSOR_DEFINITIONS = (
					"DEBUG=1",
					"$(inherited)",
				);
				GCC_WARN_64_TO_32_BIT_CONVERSION = YES;
				GCC_WARN_ABOUT_RETURN_TYPE = YES_ERROR;
				GCC_WARN_UNDECLARED_SELECTOR = YES;
				GCC_WARN_UNINITIALIZED_AUTOS = YES_AGGRESSIVE;
				GCC_WARN_UNUSED_FUNCTION = YES;
				GCC_WARN_UNUSED_VARIABLE = YES;
				IPHONEOS_DEPLOYMENT_TARGET = 9.2;
				MTL_ENABLE_DEBUG_INFO = YES;
				ONLY_ACTIVE_ARCH = YES;
				SDKROOT = iphoneos;
			};
			name = Debug;
		};
		47FB731B1C5797F900984F1D /* Release */ = {
			isa = XCBuildConfiguration;
			buildSettings = {
				ALWAYS_SEARCH_USER_PATHS = NO;
				CLANG_CXX_LANGUAGE_STANDARD = "gnu++0x";
				CLANG_CXX_LIBRARY = "libc++";
				CLANG_ENABLE_MODULES = YES;
				CLANG_ENABLE_OBJC_ARC = YES;
				CLANG_WARN_BOOL_CONVERSION = YES;
				CLANG_WARN_CONSTANT_CONVERSION = YES;
				CLANG_WARN_DIRECT_OBJC_ISA_USAGE = YES_ERROR;
				CLANG_WARN_EMPTY_BODY = YES;
				CLANG_WARN_ENUM_CONVERSION = YES;
				CLANG_WARN_INT_CONVERSION = YES;
				CLANG_WARN_OBJC_ROOT_CLASS = YES_ERROR;
				CLANG_WARN_UNREACHABLE_CODE = YES;
				CLANG_WARN__DUPLICATE_METHOD_MATCH = YES;
				"CODE_SIGN_IDENTITY[sdk=iphoneos*]" = "iPhone Developer";
				COPY_PHASE_STRIP = NO;
				DEBUG_INFORMATION_FORMAT = "dwarf-with-dsym";
				ENABLE_NS_ASSERTIONS = NO;
				ENABLE_STRICT_OBJC_MSGSEND = YES;
				GCC_C_LANGUAGE_STANDARD = gnu99;
				GCC_NO_COMMON_BLOCKS = YES;
				GCC_WARN_64_TO_32_BIT_CONVERSION = YES;
				GCC_WARN_ABOUT_RETURN_TYPE = YES_ERROR;
				GCC_WARN_UNDECLARED_SELECTOR = YES;
				GCC_WARN_UNINITIALIZED_AUTOS = YES_AGGRESSIVE;
				GCC_WARN_UNUSED_FUNCTION = YES;
				GCC_WARN_UNUSED_VARIABLE = YES;
				IPHONEOS_DEPLOYMENT_TARGET = 9.2;
				MTL_ENABLE_DEBUG_INFO = NO;
				SDKROOT = iphoneos;
				VALIDATE_PRODUCT = YES;
			};
			name = Release;
		};
		47FB731D1C5797F900984F1D /* Debug */ = {
			isa = XCBuildConfiguration;
			baseConfigurationReference = CEA1CD66FD96B67687A46C07 /* Pods.debug.xcconfig */;
			buildSettings = {
				ASSETCATALOG_COMPILER_APPICON_NAME = AppIcon;
				ASSETCATALOG_COMPILER_LAUNCHIMAGE_NAME = LaunchImage;
				GCC_PREFIX_HEADER = CanNotGetSister/PrefixHeader.pch;
				INFOPLIST_FILE = CanNotGetSister/Info.plist;
				LD_RUNPATH_SEARCH_PATHS = "$(inherited) @executable_path/Frameworks";
				PRODUCT_BUNDLE_IDENTIFIER = "com.X-LiangIdeaHouse.CanNotGetSister";
				PRODUCT_NAME = "$(TARGET_NAME)";
			};
			name = Debug;
		};
		47FB731E1C5797F900984F1D /* Release */ = {
			isa = XCBuildConfiguration;
			baseConfigurationReference = 8BD4E77F57AE828E39343A55 /* Pods.release.xcconfig */;
			buildSettings = {
				ASSETCATALOG_COMPILER_APPICON_NAME = AppIcon;
				ASSETCATALOG_COMPILER_LAUNCHIMAGE_NAME = LaunchImage;
				GCC_PREFIX_HEADER = CanNotGetSister/PrefixHeader.pch;
				INFOPLIST_FILE = CanNotGetSister/Info.plist;
				LD_RUNPATH_SEARCH_PATHS = "$(inherited) @executable_path/Frameworks";
				PRODUCT_BUNDLE_IDENTIFIER = "com.X-LiangIdeaHouse.CanNotGetSister";
				PRODUCT_NAME = "$(TARGET_NAME)";
			};
			name = Release;
		};
/* End XCBuildConfiguration section */

/* Begin XCConfigurationList section */
		47FB73001C5797F900984F1D /* Build configuration list for PBXProject "CanNotGetSister" */ = {
			isa = XCConfigurationList;
			buildConfigurations = (
				47FB731A1C5797F900984F1D /* Debug */,
				47FB731B1C5797F900984F1D /* Release */,
			);
			defaultConfigurationIsVisible = 0;
			defaultConfigurationName = Release;
		};
		47FB731C1C5797F900984F1D /* Build configuration list for PBXNativeTarget "CanNotGetSister" */ = {
			isa = XCConfigurationList;
			buildConfigurations = (
				47FB731D1C5797F900984F1D /* Debug */,
				47FB731E1C5797F900984F1D /* Release */,
			);
			defaultConfigurationIsVisible = 0;
			defaultConfigurationName = Release;
		};
/* End XCConfigurationList section */
	};
	rootObject = 47FB72FD1C5797F900984F1D /* Project object */;
}
